
Microsoft Visual Studio Solution File, Format Version 12.00
# Visual Studio Version 17
VisualStudioVersion = 17.4.33403.182
MinimumVisualStudioVersion = 10.0.40219.1
Project("{9A19103F-16F7-4668-BE54-9A1E7A4F7556}") = "USWalks", "USWalks\USWalks.csproj", "{A3E8EA48-3B09-4424-B176-403D10A202EF}"
EndProject
Project("{FAE04EC0-301F-11D3-BF4B-00C04F79EFBC}") = "jwt_auth", "jwt_auth\jwt_auth.csproj", "{89C1EC2A-8857-4927-976E-DBB993316DC1}"
EndProject
Global
	GlobalSection(SolutionConfigurationPlatforms) = preSolution
		Debug|Any CPU = Debug|Any CPU
		Release|Any CPU = Release|Any CPU
	EndGlobalSection
	GlobalSection(ProjectConfigurationPlatforms) = postSolution
		{A3E8EA48-3B09-4424-B176-403D10A202EF}.Debug|Any CPU.ActiveCfg = Debug|Any CPU
		{A3E8EA48-3B09-4424-B176-403D10A202EF}.Debug|Any CPU.Build.0 = Debug|Any CPU
		{A3E8EA48-3B09-4424-B176-403D10A202EF}.Release|Any CPU.ActiveCfg = Release|Any CPU
		{A3E8EA48-3B09-4424-B176-403D10A202EF}.Release|Any CPU.Build.0 = Release|Any CPU
		{89C1EC2A-8857-4927-976E-DBB993316DC1}.Debug|Any CPU.ActiveCfg = Debug|Any CPU
		{89C1EC2A-8857-4927-976E-DBB993316DC1}.Debug|Any CPU.Build.0 = Debug|Any CPU
		{89C1EC2A-8857-4927-976E-DBB993316DC1}.Release|Any CPU.ActiveCfg = Release|Any CPU
		{89C1EC2A-8857-4927-976E-DBB993316DC1}.Release|Any CPU.Build.0 = Release|Any CPU
	EndGlobalSection
	GlobalSection(SolutionProperties) = preSolution
		HideSolutionNode = FALSE
	EndGlobalSection
	GlobalSection(ExtensibilityGlobals) = postSolution
		SolutionGuid = {2D070060-187C-4C87-ADAA-E6D0A9523CDB}
	EndGlobalSection
EndGlobal
